
Microsoft Visual Studio Solution File, Format Version 12.00
# Visual Studio Version 17
VisualStudioVersion = 17.14.36518.9 d17.14
MinimumVisualStudioVersion = 10.0.40219.1
Project("{FAE04EC0-301F-11D3-BF4B-00C04F79EFBC}") = "P4_1_714240044", "P4_1_714240044\P4_1_714240044.csproj", "{E872DF8D-D6D2-4659-8F83-EA7C8A78E454}"
EndProject
Global
	GlobalSection(SolutionConfigurationPlatforms) = preSolution
		Debug|Any CPU = Debug|Any CPU
		Release|Any CPU = Release|Any CPU
	EndGlobalSection
	GlobalSection(ProjectConfigurationPlatforms) = postSolution
		{E872DF8D-D6D2-4659-8F83-EA7C8A78E454}.Debug|Any CPU.ActiveCfg = Debug|Any CPU
		{E872DF8D-D6D2-4659-8F83-EA7C8A78E454}.Debug|Any CPU.Build.0 = Debug|Any CPU
		{E872DF8D-D6D2-4659-8F83-EA7C8A78E454}.Release|Any CPU.ActiveCfg = Release|Any CPU
		{E872DF8D-D6D2-4659-8F83-EA7C8A78E454}.Release|Any CPU.Build.0 = Release|Any CPU
	EndGlobalSection
	GlobalSection(SolutionProperties) = preSolution
		HideSolutionNode = FALSE
	EndGlobalSection
	GlobalSection(ExtensibilityGlobals) = postSolution
		SolutionGuid = {19BE49E2-183E-449A-B543-BAA5E50AC1A8}
	EndGlobalSection
EndGlobal
